
Microsoft Visual Studio Solution File, Format Version 12.00
# Visual Studio Version 17
VisualStudioVersion = 17.14.36414.22
MinimumVisualStudioVersion = 10.0.40219.1
Project("{FAE04EC0-301F-11D3-BF4B-00C04F79EFBC}") = "1-Hotel Management System", "1-Hotel Management System.csproj", "{55E01B06-7967-493D-9B5C-9AAB206FAC77}"
EndProject
Project("{FAE04EC0-301F-11D3-BF4B-00C04F79EFBC}") = "3-NorthWind", "..\NorthWind\3-NorthWind.csproj", "{8BF6D06A-6FD8-44CC-B1B0-51ECD0618B96}"
EndProject
Project("{FAE04EC0-301F-11D3-BF4B-00C04F79EFBC}") = "TPH", "..\Inheritance Mapping\TPH.csproj", "{65697B29-E9FB-48D1-98B6-F19628DE5CA6}"
EndProject
Project("{FAE04EC0-301F-11D3-BF4B-00C04F79EFBC}") = "Hotel Management System-Data anotaion", "..\Hotel Management System-Data anotaion\Hotel Management System-Data anotaion.csproj", "{B0EEF364-AF67-4A0B-AA7F-5DA891197349}"
EndProject
Global
	GlobalSection(SolutionConfigurationPlatforms) = preSolution
		Debug|Any CPU = Debug|Any CPU
		Release|Any CPU = Release|Any CPU
	EndGlobalSection
	GlobalSection(ProjectConfigurationPlatforms) = postSolution
		{55E01B06-7967-493D-9B5C-9AAB206FAC77}.Debug|Any CPU.ActiveCfg = Debug|Any CPU
		{55E01B06-7967-493D-9B5C-9AAB206FAC77}.Debug|Any CPU.Build.0 = Debug|Any CPU
		{55E01B06-7967-493D-9B5C-9AAB206FAC77}.Release|Any CPU.ActiveCfg = Release|Any CPU
		{55E01B06-7967-493D-9B5C-9AAB206FAC77}.Release|Any CPU.Build.0 = Release|Any CPU
		{8BF6D06A-6FD8-44CC-B1B0-51ECD0618B96}.Debug|Any CPU.ActiveCfg = Debug|Any CPU
		{8BF6D06A-6FD8-44CC-B1B0-51ECD0618B96}.Debug|Any CPU.Build.0 = Debug|Any CPU
		{8BF6D06A-6FD8-44CC-B1B0-51ECD0618B96}.Release|Any CPU.ActiveCfg = Release|Any CPU
		{8BF6D06A-6FD8-44CC-B1B0-51ECD0618B96}.Release|Any CPU.Build.0 = Release|Any CPU
		{65697B29-E9FB-48D1-98B6-F19628DE5CA6}.Debug|Any CPU.ActiveCfg = Debug|Any CPU
		{65697B29-E9FB-48D1-98B6-F19628DE5CA6}.Debug|Any CPU.Build.0 = Debug|Any CPU
		{65697B29-E9FB-48D1-98B6-F19628DE5CA6}.Release|Any CPU.ActiveCfg = Release|Any CPU
		{65697B29-E9FB-48D1-98B6-F19628DE5CA6}.Release|Any CPU.Build.0 = Release|Any CPU
		{B0EEF364-AF67-4A0B-AA7F-5DA891197349}.Debug|Any CPU.ActiveCfg = Debug|Any CPU
		{B0EEF364-AF67-4A0B-AA7F-5DA891197349}.Debug|Any CPU.Build.0 = Debug|Any CPU
		{B0EEF364-AF67-4A0B-AA7F-5DA891197349}.Release|Any CPU.ActiveCfg = Release|Any CPU
		{B0EEF364-AF67-4A0B-AA7F-5DA891197349}.Release|Any CPU.Build.0 = Release|Any CPU
	EndGlobalSection
	GlobalSection(SolutionProperties) = preSolution
		HideSolutionNode = FALSE
	EndGlobalSection
	GlobalSection(ExtensibilityGlobals) = postSolution
		SolutionGuid = {F75F27D8-03F7-4A69-85FC-F3726BE83476}
	EndGlobalSection
EndGlobal
